PODS:
  - FlutterMacOS (1.0.0)
  - flutterpy (0.1.0):
    - FlutterMacOS
  - path_provider_foundation (0.0.1):
    - Flutter
    - FlutterMacOS

DEPENDENCIES:
  - FlutterMacOS (from `Flutter/ephemeral`)
  - flutterpy (from `Flutter/ephemeral/.symlinks/plugins/flutterpy/macos`)
  - path_provider_foundation (from `Flutter/ephemeral/.symlinks/plugins/path_provider_foundation/darwin`)

EXTERNAL SOURCES:
  FlutterMacOS:
    :path: Flutter/ephemeral
  flutterpy:
    :path: Flutter/ephemeral/.symlinks/plugins/flutterpy/macos
  path_provider_foundation:
    :path: Flutter/ephemeral/.symlinks/plugins/path_provider_foundation/darwin

SPEC CHECKSUMS:
  FlutterMacOS: 8f6f14fa908a6fb3fba0cd85dbd81ec4b251fb24
  flutterpy: 7e4cd5f33fe6c980c0d8e5ae1198826558378ba3
  path_provider_foundation: 2b6b4c569c0fb62ec74538f866245ac84301af46

PODFILE CHECKSUM: 9581d999aac67c301839e0bdbb5ea377d81b633c

COCOAPODS: 1.16.2
